
Microsoft Visual Studio Solution File, Format Version 12.00
# Visual Studio Version 17
VisualStudioVersion = 17.3.32929.385
MinimumVisualStudioVersion = 10.0.40219.1
Project("{FAE04EC0-301F-11D3-BF4B-00C04F79EFBC}") = "Guider", "Guider.csproj", "{719FACA1-7416-4364-923F-8F934F850544}"
EndProject
Global
	GlobalSection(SolutionConfigurationPlatforms) = preSolution
		Debug|Any CPU = Debug|Any CPU
		Release|Any CPU = Release|Any CPU
	EndGlobalSection
	GlobalSection(ProjectConfigurationPlatforms) = postSolution
		{719FACA1-7416-4364-923F-8F934F850544}.Debug|Any CPU.ActiveCfg = Debug|Any CPU
		{719FACA1-7416-4364-923F-8F934F850544}.Debug|Any CPU.Build.0 = Debug|Any CPU
		{719FACA1-7416-4364-923F-8F934F850544}.Release|Any CPU.ActiveCfg = Release|Any CPU
		{719FACA1-7416-4364-923F-8F934F850544}.Release|Any CPU.Build.0 = Release|Any CPU
	EndGlobalSection
	GlobalSection(SolutionProperties) = preSolution
		HideSolutionNode = FALSE
	EndGlobalSection
	GlobalSection(ExtensibilityGlobals) = postSolution
		SolutionGuid = {03359F0F-A2F0-4D5D-B317-EBCD0E0B52E7}
	EndGlobalSection
EndGlobal
